
Microsoft Visual Studio Solution File, Format Version 12.00
# Visual Studio Version 17
VisualStudioVersion = 17.3.32929.385
MinimumVisualStudioVersion = 10.0.40219.1
Project("{FAE04EC0-301F-11D3-BF4B-00C04F79EFBC}") = "TwilioSmsApp", "TwilioSmsApp.csproj", "{CC445A6B-DEB9-4DCD-9BD0-3702E7399189}"
EndProject
Global
	GlobalSection(SolutionConfigurationPlatforms) = preSolution
		Debug|Any CPU = Debug|Any CPU
		Release|Any CPU = Release|Any CPU
	EndGlobalSection
	GlobalSection(ProjectConfigurationPlatforms) = postSolution
		{CC445A6B-DEB9-4DCD-9BD0-3702E7399189}.Debug|Any CPU.ActiveCfg = Debug|Any CPU
		{CC445A6B-DEB9-4DCD-9BD0-3702E7399189}.Debug|Any CPU.Build.0 = Debug|Any CPU
		{CC445A6B-DEB9-4DCD-9BD0-3702E7399189}.Release|Any CPU.ActiveCfg = Release|Any CPU
		{CC445A6B-DEB9-4DCD-9BD0-3702E7399189}.Release|Any CPU.Build.0 = Release|Any CPU
	EndGlobalSection
	GlobalSection(SolutionProperties) = preSolution
		HideSolutionNode = FALSE
	EndGlobalSection
	GlobalSection(ExtensibilityGlobals) = postSolution
		SolutionGuid = {9CBF1442-6E0E-433A-AD7F-F6C8381140A5}
	EndGlobalSection
EndGlobal
